
Microsoft Visual Studio Solution File, Format Version 12.00
# Visual Studio 15
VisualStudioVersion = 15.0.28010.2026
MinimumVisualStudioVersion = 10.0.40219.1
Project("{FAE04EC0-301F-11D3-BF4B-00C04F79EFBC}") = "OddJobs", "OddJobs\OddJobs.csproj", "{C87386BE-56C0-48F5-894D-8DA26610576E}"
EndProject
Global
	GlobalSection(SolutionConfigurationPlatforms) = preSolution
		Debug|Any CPU = Debug|Any CPU
		Release|Any CPU = Release|Any CPU
	EndGlobalSection
	GlobalSection(ProjectConfigurationPlatforms) = postSolution
		{C87386BE-56C0-48F5-894D-8DA26610576E}.Debug|Any CPU.ActiveCfg = Debug|Any CPU
		{C87386BE-56C0-48F5-894D-8DA26610576E}.Debug|Any CPU.Build.0 = Debug|Any CPU
		{C87386BE-56C0-48F5-894D-8DA26610576E}.Release|Any CPU.ActiveCfg = Release|Any CPU
		{C87386BE-56C0-48F5-894D-8DA26610576E}.Release|Any CPU.Build.0 = Release|Any CPU
	EndGlobalSection
	GlobalSection(SolutionProperties) = preSolution
		HideSolutionNode = FALSE
	EndGlobalSection
	GlobalSection(ExtensibilityGlobals) = postSolution
		SolutionGuid = {9F2972DC-E81D-412C-9052-784D34525B77}
	EndGlobalSection
EndGlobal
